{
  "name": "npm",
  "version": "1.0.0",
  "lockfileVersion": 2,
  "requires": true,
  "packages": {
    "": {
      "name": "npm",
      "version": "1.0.0",
      "license": "MIT",
      "dependencies": {
        "chalk": "^5.0.1",
        "moment": "^2.29.2"
      }
    },
    "node_modules/chalk": {
      "version": "5.0.1",
      "resolved": "https://globaldevtools.bbva.com:443/artifactory/api/npm/npm-repo/chalk/-/chalk-5.0.1.tgz",
      "integrity": "sha1-ylfXHoK7U0opbfY7usxKHCKypLY=",
      "license": "MIT",
      "engines": {
        "node": "^12.17.0 || ^14.13 || >=16.0.0"
      },
      "funding": {
        "url": "https://github.com/chalk/chalk?sponsor=1"
      }
    },
    "node_modules/moment": {
      "version": "2.29.2",
      "resolved": "https://globaldevtools.bbva.com:443/artifactory/api/npm/npm-repo/moment/-/moment-2.29.2.tgz",
      "integrity": "sha1-AJEMYLIIQ7y6UtN9WMYotHsfIOQ=",
      "license": "MIT",
      "engines": {
        "node": "*"
      }
    }
  },
  "dependencies": {
    "chalk": {
      "version": "5.0.1",
      "resolved": "https://globaldevtools.bbva.com:443/artifactory/api/npm/npm-repo/chalk/-/chalk-5.0.1.tgz",
      "integrity": "sha1-ylfXHoK7U0opbfY7usxKHCKypLY="
    },
    "moment": {
      "version": "2.29.2",
      "resolved": "https://globaldevtools.bbva.com:443/artifactory/api/npm/npm-repo/moment/-/moment-2.29.2.tgz",
      "integrity": "sha1-AJEMYLIIQ7y6UtN9WMYotHsfIOQ="
    }
  }
}
